
Microsoft Visual Studio Solution File, Format Version 12.00
# Visual Studio Version 17
VisualStudioVersion = 17.8.34330.188
MinimumVisualStudioVersion = 10.0.40219.1
Project("{FAE04EC0-301F-11D3-BF4B-00C04F79EFBC}") = "TechMeet-BE", "TechMeet-BE.csproj", "{0EE2E149-D0BD-42D4-B062-8315534596B2}"
EndProject
Global
	GlobalSection(SolutionConfigurationPlatforms) = preSolution
		Debug|Any CPU = Debug|Any CPU
		Release|Any CPU = Release|Any CPU
	EndGlobalSection
	GlobalSection(ProjectConfigurationPlatforms) = postSolution
		{0EE2E149-D0BD-42D4-B062-8315534596B2}.Debug|Any CPU.ActiveCfg = Debug|Any CPU
		{0EE2E149-D0BD-42D4-B062-8315534596B2}.Debug|Any CPU.Build.0 = Debug|Any CPU
		{0EE2E149-D0BD-42D4-B062-8315534596B2}.Release|Any CPU.ActiveCfg = Release|Any CPU
		{0EE2E149-D0BD-42D4-B062-8315534596B2}.Release|Any CPU.Build.0 = Release|Any CPU
	EndGlobalSection
	GlobalSection(SolutionProperties) = preSolution
		HideSolutionNode = FALSE
	EndGlobalSection
	GlobalSection(ExtensibilityGlobals) = postSolution
		SolutionGuid = {94193EEB-E4F9-4D97-AE35-14327CFB248E}
	EndGlobalSection
EndGlobal
